lockfileVersion: 5.4

specifiers:
  '@polkadot/api': ^9.10.5
  '@polkadot/api-contract': ^9.10.5
  '@polkadot/types': ^9.10.5
  '@types/node': ^18.11.18
  crypto-js: ^4.1.1
  js-sha3: ^0.8.0
  merkletreejs: ^0.3.9
  ts-node: ^10.9.1
  typescript: ^4.9.4

dependencies:
  '@polkadot/api': 9.10.5
  '@polkadot/api-contract': 9.10.5
  crypto-js: 4.1.1
  js-sha3: 0.8.0
  merkletreejs: 0.3.9

devDependencies:
  '@polkadot/types': 9.10.5
  '@types/node': 18.11.18
  ts-node: 10.9.1_awa2wsr5thmg3i7jqycphctjfq
  typescript: 4.9.4

packages:

  /@babel/runtime/7.20.7:
    resolution: {integrity: sha512-UF0tvkUtxwAgZ5W/KrkHf0Rn0fdnLDU9ScxBrEVNUprE/MzirjK4MJUX1/BVDv00Sv8cljtukVK1aky++X1SjQ==}
    engines: {node: '>=6.9.0'}
    dependencies:
      regenerator-runtime: 0.13.11

  /@cspotcode/source-map-support/0.8.1:
    resolution: {integrity: sha512-IchNf6dN4tHoMFIn/7OE8LWZ19Y6q/67Bmf6vnGREv8RSbBVb9LPJxEcnwrcwX6ixSvaiGoomAUvu4YSxXrVgw==}
    engines: {node: '>=12'}
    dependencies:
      '@jridgewell/trace-mapping': 0.3.9
    dev: true

  /@jridgewell/resolve-uri/3.1.0:
    resolution: {integrity: sha512-F2msla3tad+Mfht5cJq7LSXcdudKTWCVYUgw6pLFOOHSTtZlj6SWNYAp+AhuqLmWdBO2X5hPrLcu8cVP8fy28w==}
    engines: {node: '>=6.0.0'}
    dev: true

  /@jridgewell/sourcemap-codec/1.4.14:
    resolution: {integrity: sha512-XPSJHWmi394fuUuzDnGz1wiKqWfo1yXecHQMRf2l6hztTO+nPru658AyDngaBe7isIxEkRsPR3FZh+s7iVa4Uw==}
    dev: true

  /@jridgewell/trace-mapping/0.3.9:
    resolution: {integrity: sha512-3Belt6tdc8bPgAtbcmdtNJlirVoTmEb5e2gC94PnkwEW9jI6CAHUeoG85tjWP5WquqfavoMtMwiG4P926ZKKuQ==}
    dependencies:
      '@jridgewell/resolve-uri': 3.1.0
      '@jridgewell/sourcemap-codec': 1.4.14
    dev: true

  /@noble/hashes/1.1.3:
    resolution: {integrity: sha512-CE0FCR57H2acVI5UOzIGSSIYxZ6v/HOhDR0Ro9VLyhnzLwx0o8W1mmgaqlEUx4049qJDlIBRztv5k+MM8vbO3A==}

  /@noble/secp256k1/1.7.0:
    resolution: {integrity: sha512-kbacwGSsH/CTout0ZnZWxnW1B+jH/7r/WAAKLBtrRJ/+CUH7lgmQzl3GTrQua3SGKWNSDsS6lmjnDpIJ5Dxyaw==}

  /@polkadot/api-augment/9.10.5:
    resolution: {integrity: sha512-6uCjnprSTCG90limSiuMToBRalDfiPp2CeZM/tY7HxHBnv5n+I4WpPyr2RhuYyLJdJTHXhNw90YiMIR7V/0yBw==}
    engines: {node: '>=14.0.0'}
    dependencies:
      '@babel/runtime': 7.20.7
      '@polkadot/api-base': 9.10.5
      '@polkadot/rpc-augment': 9.10.5
      '@polkadot/types': 9.10.5
      '@polkadot/types-augment': 9.10.5
      '@polkadot/types-codec': 9.10.5
      '@polkadot/util': 10.2.1
    transitivePeerDependencies:
      - bufferutil
      - supports-color
      - utf-8-validate
    dev: false

  /@polkadot/api-base/9.10.5:
    resolution: {integrity: sha512-UGNt/Qq9xwpQR2HbM5qLLH/F2J22lzNtzjhFkXofnohZxgVEERpgtX3kw07tdQZNgAGL7E0lhMGJjvg6M+YQdw==}
    engines: {node: '>=14.0.0'}
    dependencies:
      '@babel/runtime': 7.20.7
      '@polkadot/rpc-core': 9.10.5
      '@polkadot/types': 9.10.5
      '@polkadot/util': 10.2.1
      rxjs: 7.8.0
    transitivePeerDependencies:
      - bufferutil
      - supports-color
      - utf-8-validate
    dev: false

  /@polkadot/api-contract/9.10.5:
    resolution: {integrity: sha512-F58Iea+Nuw9DH0OjZ/9VoVSBS+mBMUfDc6eAWS2ronhoXpHa1SX0t8vt6mwYV/69kQrj8OG1iedp8uX95jZAOw==}
    engines: {node: '>=14.0.0'}
    dependencies:
      '@babel/runtime': 7.20.7
      '@polkadot/api': 9.10.5
      '@polkadot/types': 9.10.5
      '@polkadot/types-codec': 9.10.5
      '@polkadot/types-create': 9.10.5
      '@polkadot/util': 10.2.1
      '@polkadot/util-crypto': 10.2.1
      rxjs: 7.8.0
    transitivePeerDependencies:
      - bufferutil
      - supports-color
      - utf-8-validate
    dev: false

  /@polkadot/api-derive/9.10.5:
    resolution: {integrity: sha512-2I4D1icij36UsPbWs+jrVnBKVsKqdIe7bynrTD9Wg+abHNkqt7wJOianiSbFqq8P9zXcruwpnuXzGljgwqzbGw==}
    engines: {node: '>=14.0.0'}
    dependencies:
      '@babel/runtime': 7.20.7
      '@polkadot/api': 9.10.5
      '@polkadot/api-augment': 9.10.5
      '@polkadot/api-base': 9.10.5
      '@polkadot/rpc-core': 9.10.5
      '@polkadot/types': 9.10.5
      '@polkadot/types-codec': 9.10.5
      '@polkadot/util': 10.2.1
      '@polkadot/util-crypto': 10.2.1
      rxjs: 7.8.0
    transitivePeerDependencies:
      - bufferutil
      - supports-color
      - utf-8-validate
    dev: false

  /@polkadot/api/9.10.5:
    resolution: {integrity: sha512-nCtQX9+ZNSEN8Cn09ylZs8ckwHfB+ofbf+opW3JeRFm1K5AScH1Hx6jP9YpTa+ii9sDEXzMdUSN90JBYLtzW7w==}
    engines: {node: '>=14.0.0'}
    dependencies:
      '@babel/runtime': 7.20.7
      '@polkadot/api-augment': 9.10.5
      '@polkadot/api-base': 9.10.5
      '@polkadot/api-derive': 9.10.5
      '@polkadot/keyring': 10.2.1
      '@polkadot/rpc-augment': 9.10.5
      '@polkadot/rpc-core': 9.10.5
      '@polkadot/rpc-provider': 9.10.5
      '@polkadot/types': 9.10.5
      '@polkadot/types-augment': 9.10.5
      '@polkadot/types-codec': 9.10.5
      '@polkadot/types-create': 9.10.5
      '@polkadot/types-known': 9.10.5
      '@polkadot/util': 10.2.1
      '@polkadot/util-crypto': 10.2.1
      eventemitter3: 4.0.7
      rxjs: 7.8.0
    transitivePeerDependencies:
      - bufferutil
      - supports-color
      - utf-8-validate
    dev: false

  /@polkadot/keyring/10.2.1:
    resolution: {integrity: sha512-84/zzxDZANQ4AfsCT1vrjX3I23/mj9WUWl1F7q9ruK6UBFyGsl46Y3ABOopFHij9UXhppndhB65IeDnqoOKqxQ==}
    engines: {node: '>=14.0.0'}
    dependencies:
      '@babel/runtime': 7.20.7
      '@polkadot/util': 10.2.1
      '@polkadot/util-crypto': 10.2.1

  /@polkadot/networks/10.2.1:
    resolution: {integrity: sha512-cDZIY4jBo2tlDdSXNbECpuWer0NWlPcJNhHHveTiu2idje2QyIBNxBlAPViNGpz+ScAR0EknEzmQKuHOcSKxzg==}
    engines: {node: '>=14.0.0'}
    dependencies:
      '@babel/runtime': 7.20.7
      '@polkadot/util': 10.2.1
      '@substrate/ss58-registry': 1.36.0

  /@polkadot/rpc-augment/9.10.5:
    resolution: {integrity: sha512-ip6jH7XcyvAwd6EUlbHFHglmNt42h0890lKDaDMIKIsC+U2HDNnMHvW16xH0cOGV98LdGiRltHLtCnl7u+EFZg==}
    engines: {node: '>=14.0.0'}
    dependencies:
      '@babel/runtime': 7.20.7
      '@polkadot/rpc-core': 9.10.5
      '@polkadot/types': 9.10.5
      '@polkadot/types-codec': 9.10.5
      '@polkadot/util': 10.2.1
    transitivePeerDependencies:
      - bufferutil
      - supports-color
      - utf-8-validate
    dev: false

  /@polkadot/rpc-core/9.10.5:
    resolution: {integrity: sha512-HcsQDOw3+vChhp7KcOxsQKod5O8BUISjbGSuHuBKtDCc75MPVr250UTtgi5cvJ3q7OFrYfDM3i0rqIPSa/zykQ==}
    engines: {node: '>=14.0.0'}
    dependencies:
      '@babel/runtime': 7.20.7
      '@polkadot/rpc-augment': 9.10.5
      '@polkadot/rpc-provider': 9.10.5
      '@polkadot/types': 9.10.5
      '@polkadot/util': 10.2.1
      rxjs: 7.8.0
    transitivePeerDependencies:
      - bufferutil
      - supports-color
      - utf-8-validate
    dev: false

  /@polkadot/rpc-provider/9.10.5:
    resolution: {integrity: sha512-R9J9JXx3J//cSVKqQKSTC3HPCv14ZyONVdjiHWLsZymX6okb1ORnhms8JeRMRD4h4FnLePOuKsE9IwEmOUiIUg==}
    engines: {node: '>=14.0.0'}
    dependencies:
      '@babel/runtime': 7.20.7
      '@polkadot/keyring': 10.2.1
      '@polkadot/types': 9.10.5
      '@polkadot/types-support': 9.10.5
      '@polkadot/util': 10.2.1
      '@polkadot/util-crypto': 10.2.1
      '@polkadot/x-fetch': 10.2.1
      '@polkadot/x-global': 10.2.1
      '@polkadot/x-ws': 10.2.1
      '@substrate/connect': 0.7.18
      eventemitter3: 4.0.7
      mock-socket: 9.1.5
      nock: 13.2.9
    transitivePeerDependencies:
      - bufferutil
      - supports-color
      - utf-8-validate
    dev: false

  /@polkadot/types-augment/9.10.5:
    resolution: {integrity: sha512-kuJtsadIal4O/BDAMCkf3z+m+BDTRawMkxvHoN/NUiHZcQhtXhSx5xe6X3SwYSv8YCTLYqNXQzak0YBb0v0p1w==}
    engines: {node: '>=14.0.0'}
    dependencies:
      '@babel/runtime': 7.20.7
      '@polkadot/types': 9.10.5
      '@polkadot/types-codec': 9.10.5
      '@polkadot/util': 10.2.1

  /@polkadot/types-codec/9.10.5:
    resolution: {integrity: sha512-+RUgF1MzPNlQ3Sk61+b2kK9NasXS9NNLxgMwjs/iHaFkK9XjRUcM3qN2UlWkFcqMaUkTnuIrc8lT2wJlHYfR7g==}
    engines: {node: '>=14.0.0'}
    dependencies:
      '@babel/runtime': 7.20.7
      '@polkadot/util': 10.2.1
      '@polkadot/x-bigint': 10.2.1

  /@polkadot/types-create/9.10.5:
    resolution: {integrity: sha512-A7n4XG3gE1+d6YAfSq4CDJ1HSd1zvoiPCOY7snxlnpKJCbOHLHq2tWerWtZDvp9IduHS/lXcnywxlhOZLuSQXg==}
    engines: {node: '>=14.0.0'}
    dependencies:
      '@babel/runtime': 7.20.7
      '@polkadot/types-codec': 9.10.5
      '@polkadot/util': 10.2.1

  /@polkadot/types-known/9.10.5:
    resolution: {integrity: sha512-FHNvwEIGAFRVaqWXOSLWlaXlDk23Ug+yfQ0IPucLvQLFEvSQtE7VK2+RKxgT3gXHodX7xh0yBTBBJBV7MWplRg==}
    engines: {node: '>=14.0.0'}
    dependencies:
      '@babel/runtime': 7.20.7
      '@polkadot/networks': 10.2.1
      '@polkadot/types': 9.10.5
      '@polkadot/types-codec': 9.10.5
      '@polkadot/types-create': 9.10.5
      '@polkadot/util': 10.2.1
    dev: false

  /@polkadot/types-support/9.10.5:
    resolution: {integrity: sha512-o5wIkWqNV0QsPMrZ0uKM2K2hJ4IP9KhFQzoU+97lE2Yb3TDUCA6XWP9VqyobYjaxXd9DmPdSjzqb2hzhMwunbw==}
    engines: {node: '>=14.0.0'}
    dependencies:
      '@babel/runtime': 7.20.7
      '@polkadot/util': 10.2.1
    dev: false

  /@polkadot/types/9.10.5:
    resolution: {integrity: sha512-+NR+mnLl8bcyDTAHUDm1RH3tm7pCeWQKmg6ihLlPzbihyCoCcLxlL5t9ZkRm+3Q9nVhdC4UEIu1befcZ4jncMA==}
    engines: {node: '>=14.0.0'}
    dependencies:
      '@babel/runtime': 7.20.7
      '@polkadot/keyring': 10.2.1
      '@polkadot/types-augment': 9.10.5
      '@polkadot/types-codec': 9.10.5
      '@polkadot/types-create': 9.10.5
      '@polkadot/util': 10.2.1
      '@polkadot/util-crypto': 10.2.1
      rxjs: 7.8.0

  /@polkadot/util-crypto/10.2.1:
    resolution: {integrity: sha512-UH1J4oD92gkLXMfVTLee3Y2vYadNyp1lmS4P2nZwQ0SOzGZ4rN7khD2CrB1cXS9WPq196Zb5oZdGLnPYnXHtjw==}
    engines: {node: '>=14.0.0'}
    dependencies:
      '@babel/runtime': 7.20.7
      '@noble/hashes': 1.1.3
      '@noble/secp256k1': 1.7.0
      '@polkadot/networks': 10.2.1
      '@polkadot/util': 10.2.1
      '@polkadot/wasm-crypto': 6.4.1_tcbjv7dpjtp7e6e42dpurz5wcm
      '@polkadot/x-bigint': 10.2.1
      '@polkadot/x-randomvalues': 10.2.1
      '@scure/base': 1.1.1
      ed2curve: 0.3.0
      tweetnacl: 1.0.3

  /@polkadot/util/10.2.1:
    resolution: {integrity: sha512-ewGKSOp+VXKEeCvpCCP2Qqi/FVkewBF9vb/N8pRwuNQ2XE9k1lnsOZZeQemVBDhKsZz+h3IeNcWejaF6K3vYHQ==}
    engines: {node: '>=14.0.0'}
    dependencies:
      '@babel/runtime': 7.20.7
      '@polkadot/x-bigint': 10.2.1
      '@polkadot/x-global': 10.2.1
      '@polkadot/x-textdecoder': 10.2.1
      '@polkadot/x-textencoder': 10.2.1
      '@types/bn.js': 5.1.1
      bn.js: 5.2.1

  /@polkadot/wasm-bridge/6.4.1_tcbjv7dpjtp7e6e42dpurz5wcm:
    resolution: {integrity: sha512-QZDvz6dsUlbYsaMV5biZgZWkYH9BC5AfhT0f0/knv8+LrbAoQdP3Asbvddw8vyU9sbpuCHXrd4bDLBwUCRfrBQ==}
    engines: {node: '>=14.0.0'}
    peerDependencies:
      '@polkadot/util': '*'
      '@polkadot/x-randomvalues': '*'
    dependencies:
      '@babel/runtime': 7.20.7
      '@polkadot/util': 10.2.1
      '@polkadot/x-randomvalues': 10.2.1

  /@polkadot/wasm-crypto-asmjs/6.4.1_@polkadot+util@10.2.1:
    resolution: {integrity: sha512-UxZTwuBZlnODGIQdCsE2Sn/jU0O2xrNQ/TkhRFELfkZXEXTNu4lw6NpaKq7Iey4L+wKd8h4lT3VPVkMcPBLOvA==}
    engines: {node: '>=14.0.0'}
    peerDependencies:
      '@polkadot/util': '*'
    dependencies:
      '@babel/runtime': 7.20.7
      '@polkadot/util': 10.2.1

  /@polkadot/wasm-crypto-init/6.4.1_tcbjv7dpjtp7e6e42dpurz5wcm:
    resolution: {integrity: sha512-1ALagSi/nfkyFaH6JDYfy/QbicVbSn99K8PV9rctDUfxc7P06R7CoqbjGQ4OMPX6w1WYVPU7B4jPHGLYBlVuMw==}
    engines: {node: '>=14.0.0'}
    peerDependencies:
      '@polkadot/util': '*'
      '@polkadot/x-randomvalues': '*'
    dependencies:
      '@babel/runtime': 7.20.7
      '@polkadot/util': 10.2.1
      '@polkadot/wasm-bridge': 6.4.1_tcbjv7dpjtp7e6e42dpurz5wcm
      '@polkadot/wasm-crypto-asmjs': 6.4.1_@polkadot+util@10.2.1
      '@polkadot/wasm-crypto-wasm': 6.4.1_@polkadot+util@10.2.1
      '@polkadot/x-randomvalues': 10.2.1

  /@polkadot/wasm-crypto-wasm/6.4.1_@polkadot+util@10.2.1:
    resolution: {integrity: sha512-3VV9ZGzh0ZY3SmkkSw+0TRXxIpiO0nB8lFwlRgcwaCihwrvLfRnH9GI8WE12mKsHVjWTEVR3ogzILJxccAUjDA==}
    engines: {node: '>=14.0.0'}
    peerDependencies:
      '@polkadot/util': '*'
    dependencies:
      '@babel/runtime': 7.20.7
      '@polkadot/util': 10.2.1
      '@polkadot/wasm-util': 6.4.1_@polkadot+util@10.2.1

  /@polkadot/wasm-crypto/6.4.1_tcbjv7dpjtp7e6e42dpurz5wcm:
    resolution: {integrity: sha512-FH+dcDPdhSLJvwL0pMLtn/LIPd62QDPODZRCmDyw+pFjLOMaRBc7raomWUOqyRWJTnqVf/iscc2rLVLNMyt7ag==}
    engines: {node: '>=14.0.0'}
    peerDependencies:
      '@polkadot/util': '*'
      '@polkadot/x-randomvalues': '*'
    dependencies:
      '@babel/runtime': 7.20.7
      '@polkadot/util': 10.2.1
      '@polkadot/wasm-bridge': 6.4.1_tcbjv7dpjtp7e6e42dpurz5wcm
      '@polkadot/wasm-crypto-asmjs': 6.4.1_@polkadot+util@10.2.1
      '@polkadot/wasm-crypto-init': 6.4.1_tcbjv7dpjtp7e6e42dpurz5wcm
      '@polkadot/wasm-crypto-wasm': 6.4.1_@polkadot+util@10.2.1
      '@polkadot/wasm-util': 6.4.1_@polkadot+util@10.2.1
      '@polkadot/x-randomvalues': 10.2.1

  /@polkadot/wasm-util/6.4.1_@polkadot+util@10.2.1:
    resolution: {integrity: sha512-Uwo+WpEsDmFExWC5kTNvsVhvqXMZEKf4gUHXFn4c6Xz4lmieRT5g+1bO1KJ21pl4msuIgdV3Bksfs/oiqMFqlw==}
    engines: {node: '>=14.0.0'}
    peerDependencies:
      '@polkadot/util': '*'
    dependencies:
      '@babel/runtime': 7.20.7
      '@polkadot/util': 10.2.1

  /@polkadot/x-bigint/10.2.1:
    resolution: {integrity: sha512-asFroI2skC4gYv0oIqqb84DqCCxhNUTSCKobEg57WdXoT4TKrN9Uetg2AMSIHRiX/9lP3EPMhUjM1VVGobTQRQ==}
    engines: {node: '>=14.0.0'}
    dependencies:
      '@babel/runtime': 7.20.7
      '@polkadot/x-global': 10.2.1

  /@polkadot/x-fetch/10.2.1:
    resolution: {integrity: sha512-6ASJUZIrbLaKW+AOW7E5CuktwJwa2LHhxxRyJe398HxZUjJRjO2VJPdqoSwwCYvfFa1TcIr3FDWS63ooDfvGMA==}
    engines: {node: '>=14.0.0'}
    dependencies:
      '@babel/runtime': 7.20.7
      '@polkadot/x-global': 10.2.1
      '@types/node-fetch': 2.6.2
      node-fetch: 3.3.0
    dev: false

  /@polkadot/x-global/10.2.1:
    resolution: {integrity: sha512-kWmPku2lCcoYKU16+lWGOb95+6Lu9zo1trvzTWmAt7z0DXw2GlD9+qmDTt5iYGtguJsGXoRZDGilDTo3MeFrkA==}
    engines: {node: '>=14.0.0'}
    dependencies:
      '@babel/runtime': 7.20.7

  /@polkadot/x-randomvalues/10.2.1:
    resolution: {integrity: sha512-bEwG6j/+HMZ5LIkyzRbTB0N1Wz2lHyxP25pPFgHFqGqon/KZoRN5kxOwEJ1DpPJIv+9PVn5tt7bc4R3qsaZ93g==}
    engines: {node: '>=14.0.0'}
    dependencies:
      '@babel/runtime': 7.20.7
      '@polkadot/x-global': 10.2.1

  /@polkadot/x-textdecoder/10.2.1:
    resolution: {integrity: sha512-hpFmrdv/rrSM4UNaV8TJBgMtwXsYlNgBTSUmnKWwJIN3PhOUeYxl1qIbPchxGbJBc35WviJCZe7rlLja9JvFcw==}
    engines: {node: '>=14.0.0'}
    dependencies:
      '@babel/runtime': 7.20.7
      '@polkadot/x-global': 10.2.1

  /@polkadot/x-textencoder/10.2.1:
    resolution: {integrity: sha512-4gMyY6DCH34KA++bawu/zlUJ0/8+aZJsurwjRBbkdfOS2uLo0K+vJ5GBevAhl0VSznM36ptfh/MpkIBKK/6R0g==}
    engines: {node: '>=14.0.0'}
    dependencies:
      '@babel/runtime': 7.20.7
      '@polkadot/x-global': 10.2.1

  /@polkadot/x-ws/10.2.1:
    resolution: {integrity: sha512-oS/WEHc1JSJ+xMArzFXbg1yEeaRrp6GsJLBvObj4DgTyqoWTR5fYkq1G1nHbyqdR729yAnR6755PdaWecIg98g==}
    engines: {node: '>=14.0.0'}
    dependencies:
      '@babel/runtime': 7.20.7
      '@polkadot/x-global': 10.2.1
      '@types/websocket': 1.0.5
      websocket: 1.0.34
    transitivePeerDependencies:
      - supports-color
    dev: false

  /@scure/base/1.1.1:
    resolution: {integrity: sha512-ZxOhsSyxYwLJj3pLZCefNitxsj093tb2vq90mp2txoYeBqbcjDjqFhyM8eUjq/uFm6zJ+mUuqxlS2FkuSY1MTA==}

  /@substrate/connect-extension-protocol/1.0.1:
    resolution: {integrity: sha512-161JhCC1csjH3GE5mPLEd7HbWtwNSPJBg3p1Ksz9SFlTzj/bgEwudiRN2y5i0MoLGCIJRYKyKGMxVnd29PzNjg==}
    dev: false

  /@substrate/connect/0.7.18:
    resolution: {integrity: sha512-T1CaZJhe+uaeyM/cBdmD/oMWnaGf+tJdfG+3Os4H5YR0NVKXWsHpSfBryBP5wEce2hQhRiNnzQ+9ny8siKqRgg==}
    dependencies:
      '@substrate/connect-extension-protocol': 1.0.1
      '@substrate/smoldot-light': 0.7.9
      eventemitter3: 4.0.7
    transitivePeerDependencies:
      - bufferutil
      - utf-8-validate
    dev: false

  /@substrate/smoldot-light/0.7.9:
    resolution: {integrity: sha512-HP8iP7sFYlpSgjjbo0lqHyU+gu9lL2hbDNce6dWk5/10mFFF9jKIFGfui4zCecUY808o/Go9pan/31kMJoLbug==}
    dependencies:
      pako: 2.1.0
      ws: 8.11.0
    transitivePeerDependencies:
      - bufferutil
      - utf-8-validate
    dev: false

  /@substrate/ss58-registry/1.36.0:
    resolution: {integrity: sha512-YfQIpe2bIvGg/XWNByycznbOiAknMvpYaUpQJ2sLmNT/OwPx7XjEXk7dLShccuiQDoOQt3trTtF3Frz/Tjv6Fg==}

  /@tsconfig/node10/1.0.9:
    resolution: {integrity: sha512-jNsYVVxU8v5g43Erja32laIDHXeoNvFEpX33OK4d6hljo3jDhCBDhx5dhCCTMWUojscpAagGiRkBKxpdl9fxqA==}
    dev: true

  /@tsconfig/node12/1.0.11:
    resolution: {integrity: sha512-cqefuRsh12pWyGsIoBKJA9luFu3mRxCA+ORZvA4ktLSzIuCUtWVxGIuXigEwO5/ywWFMZ2QEGKWvkZG1zDMTag==}
    dev: true

  /@tsconfig/node14/1.0.3:
    resolution: {integrity: sha512-ysT8mhdixWK6Hw3i1V2AeRqZ5WfXg1G43mqoYlM2nc6388Fq5jcXyr5mRsqViLx/GJYdoL0bfXD8nmF+Zn/Iow==}
    dev: true

  /@tsconfig/node16/1.0.3:
    resolution: {integrity: sha512-yOlFc+7UtL/89t2ZhjPvvB/DeAr3r+Dq58IgzsFkOAvVC6NMJXmCGjbptdXdR9qsX7pKcTL+s87FtYREi2dEEQ==}
    dev: true

  /@types/bn.js/5.1.1:
    resolution: {integrity: sha512-qNrYbZqMx0uJAfKnKclPh+dTwK33KfLHYqtyODwd5HnXOjnkhc4qgn3BrK6RWyGZm5+sIFE7Q7Vz6QQtJB7w7g==}
    dependencies:
      '@types/node': 18.11.18

  /@types/node-fetch/2.6.2:
    resolution: {integrity: sha512-DHqhlq5jeESLy19TYhLakJ07kNumXWjcDdxXsLUMJZ6ue8VZJj4kLPQVE/2mdHh3xZziNF1xppu5lwmS53HR+A==}
    dependencies:
      '@types/node': 18.11.18
      form-data: 3.0.1
    dev: false

  /@types/node/18.11.18:
    resolution: {integrity: sha512-DHQpWGjyQKSHj3ebjFI/wRKcqQcdR+MoFBygntYOZytCqNfkd2ZC4ARDJ2DQqhjH5p85Nnd3jhUJIXrszFX/JA==}

  /@types/pbkdf2/3.1.0:
    resolution: {integrity: sha512-Cf63Rv7jCQ0LaL8tNXmEyqTHuIJxRdlS5vMh1mj5voN4+QFhVZnlZruezqpWYDiJ8UTzhP0VmeLXCmBk66YrMQ==}
    dependencies:
      '@types/node': 18.11.18
    dev: false

  /@types/secp256k1/4.0.3:
    resolution: {integrity: sha512-Da66lEIFeIz9ltsdMZcpQvmrmmoqrfju8pm1BH8WbYjZSwUgCwXLb9C+9XYogwBITnbsSaMdVPb2ekf7TV+03w==}
    dependencies:
      '@types/node': 18.11.18
    dev: false

  /@types/websocket/1.0.5:
    resolution: {integrity: sha512-NbsqiNX9CnEfC1Z0Vf4mE1SgAJ07JnRYcNex7AJ9zAVzmiGHmjKFEk7O4TJIsgv2B1sLEb6owKFZrACwdYngsQ==}
    dependencies:
      '@types/node': 18.11.18
    dev: false

  /acorn-walk/8.2.0:
    resolution: {integrity: sha512-k+iyHEuPgSw6SbuDpGQM+06HQUa04DZ3o+F6CSzXMvvI5KMvnaEqXe+YVe555R9nn6GPt404fos4wcgpw12SDA==}
    engines: {node: '>=0.4.0'}
    dev: true

  /acorn/8.8.1:
    resolution: {integrity: sha512-7zFpHzhnqYKrkYdUjF1HI1bzd0VygEGX8lFk4k5zVMqHEoES+P+7TKI+EvLO9WVMJ8eekdO0aDEK044xTXwPPA==}
    engines: {node: '>=0.4.0'}
    hasBin: true
    dev: true

  /arg/4.1.3:
    resolution: {integrity: sha512-58S9QDqG0Xx27YwPSt9fJxivjYl432YCwfDMfZ+71RAqUrZef7LrKQZ3LHLOwCS4FLNBplP533Zx895SeOCHvA==}
    dev: true

  /asynckit/0.4.0:
    resolution: {integrity: sha512-Oei9OH4tRh0YqU3GxhX79dM/mwVgvbZJaSNaRk+bshkj0S5cfHcgYakreBjrHwatXKbz+IoIdYLxrKim2MjW0Q==}
    dev: false

  /base-x/3.0.9:
    resolution: {integrity: sha512-H7JU6iBHTal1gp56aKoaa//YUxEaAOUiydvrV/pILqIHXTtqxSkATOnDA2u+jZ/61sD+L/412+7kzXRtWukhpQ==}
    dependencies:
      safe-buffer: 5.2.1
    dev: false

  /bignumber.js/9.1.1:
    resolution: {integrity: sha512-pHm4LsMJ6lzgNGVfZHjMoO8sdoRhOzOH4MLmY65Jg70bpxCKu5iOHNJyfF6OyvYw7t8Fpf35RuzUyqnQsj8Vig==}
    dev: false

  /blakejs/1.2.1:
    resolution: {integrity: sha512-QXUSXI3QVc/gJME0dBpXrag1kbzOqCjCX8/b54ntNyW6sjtoqxqRk3LTmXzaJoh71zMsDCjM+47jS7XiwN/+fQ==}
    dev: false

  /bn.js/4.11.6:
    resolution: {integrity: sha512-XWwnNNFCuuSQ0m3r3C4LE3EiORltHd9M05pq6FOlVeiophzRbMo50Sbz1ehl8K3Z+jw9+vmgnXefY1hz8X+2wA==}
    dev: false

  /bn.js/4.12.0:
    resolution: {integrity: sha512-c98Bf3tPniI+scsdk237ku1Dc3ujXQTSgyiPUDEOe7tRkhrqridvh8klBv0HCEso1OLOYcHuCv/cS6DNxKH+ZA==}
    dev: false

  /bn.js/5.2.1:
    resolution: {integrity: sha512-eXRvHzWyYPBuB4NBy0cmYQjGitUrtqwbvlzP3G6VFnNRbsZQIxQ10PbKKHt8gZ/HW/D/747aDl+QkDqg3KQLMQ==}

  /brorand/1.1.0:
    resolution: {integrity: sha512-cKV8tMCEpQs4hK/ik71d6LrPOnpkpGBR0wzxqr68g2m/LB2GxVYQroAjMJZRVM1Y4BCjCKc3vAamxSzOY2RP+w==}
    dev: false

  /browserify-aes/1.2.0:
    resolution: {integrity: sha512-+7CHXqGuspUn/Sl5aO7Ea0xWGAtETPXNSAjHo48JfLdPWcMng33Xe4znFvQweqc/uzk5zSOI3H52CYnjCfb5hA==}
    dependencies:
      buffer-xor: 1.0.3
      cipher-base: 1.0.4
      create-hash: 1.2.0
      evp_bytestokey: 1.0.3
      inherits: 2.0.4
      safe-buffer: 5.2.1
    dev: false

  /bs58/4.0.1:
    resolution: {integrity: sha512-Ok3Wdf5vOIlBrgCvTq96gBkJw+JUEzdBgyaza5HLtPm7yTHkjRy8+JzNyHF7BHa0bNWOQIp3m5YF0nnFcOIKLw==}
    dependencies:
      base-x: 3.0.9
    dev: false

  /bs58check/2.1.2:
    resolution: {integrity: sha512-0TS1jicxdU09dwJMNZtVAfzPi6Q6QeN0pM1Fkzrjn+XYHvzMKPU3pHVpva+769iNVSfIYWf7LJ6WR+BuuMf8cA==}
    dependencies:
      bs58: 4.0.1
      create-hash: 1.2.0
      safe-buffer: 5.2.1
    dev: false

  /buffer-reverse/1.0.1:
    resolution: {integrity: sha512-M87YIUBsZ6N924W57vDwT/aOu8hw7ZgdByz6ijksLjmHJELBASmYTTlNHRgjE+pTsT9oJXGaDSgqqwfdHotDUg==}
    dev: false

  /buffer-xor/1.0.3:
    resolution: {integrity: sha512-571s0T7nZWK6vB67HI5dyUF7wXiNcfaPPPTl6zYCNApANjIvYJTg7hlud/+cJpdAhS7dVzqMLmfhfHR3rAcOjQ==}
    dev: false

  /bufferutil/4.0.7:
    resolution: {integrity: sha512-kukuqc39WOHtdxtw4UScxF/WVnMFVSQVKhtx3AjZJzhd0RGZZldcrfSEbVsWWe6KNH253574cq5F+wpv0G9pJw==}
    engines: {node: '>=6.14.2'}
    requiresBuild: true
    dependencies:
      node-gyp-build: 4.5.0
    dev: false

  /cipher-base/1.0.4:
    resolution: {integrity: sha512-Kkht5ye6ZGmwv40uUDZztayT2ThLQGfnj/T71N/XzeZeo3nf8foyW7zGTsPYkEya3m5f3cAypH+qe7YOrM1U2Q==}
    dependencies:
      inherits: 2.0.4
      safe-buffer: 5.2.1
    dev: false

  /combined-stream/1.0.8:
    resolution: {integrity: sha512-FQN4MRfuJeHf7cBbBMJFXhKSDq+2kAArBlmRBvcvFE5BB1HZKXtSFASDhdlz9zOYwxh8lDdnvmMOe/+5cdoEdg==}
    engines: {node: '>= 0.8'}
    dependencies:
      delayed-stream: 1.0.0
    dev: false

  /create-hash/1.2.0:
    resolution: {integrity: sha512-z00bCGNHDG8mHAkP7CtT1qVu+bFQUPjYq/4Iv3C3kWjTFV10zIjfSoeqXo9Asws8gwSHDGj/hl2u4OGIjapeCg==}
    dependencies:
      cipher-base: 1.0.4
      inherits: 2.0.4
      md5.js: 1.3.5
      ripemd160: 2.0.2
      sha.js: 2.4.11
    dev: false

  /create-hmac/1.1.7:
    resolution: {integrity: sha512-MJG9liiZ+ogc4TzUwuvbER1JRdgvUFSB5+VR/g5h82fGaIRWMWddtKBHi7/sVhfjQZ6SehlyhvQYrcYkaUIpLg==}
    dependencies:
      cipher-base: 1.0.4
      create-hash: 1.2.0
      inherits: 2.0.4
      ripemd160: 2.0.2
      safe-buffer: 5.2.1
      sha.js: 2.4.11
    dev: false

  /create-require/1.1.1:
    resolution: {integrity: sha512-dcKFX3jn0MpIaXjisoRvexIJVEKzaq7z2rZKxf+MSr9TkdmHmsU4m2lcLojrj/FHl8mk5VxMmYA+ftRkP/3oKQ==}
    dev: true

  /crypto-js/3.3.0:
    resolution: {integrity: sha512-DIT51nX0dCfKltpRiXV+/TVZq+Qq2NgF4644+K7Ttnla7zEzqc+kjJyiB96BHNyUTBxyjzRcZYpUdZa+QAqi6Q==}
    dev: false

  /crypto-js/4.1.1:
    resolution: {integrity: sha512-o2JlM7ydqd3Qk9CA0L4NL6mTzU2sdx96a+oOfPu8Mkl/PK51vSyoi8/rQ8NknZtk44vq15lmhAj9CIAGwgeWKw==}
    dev: false

  /d/1.0.1:
    resolution: {integrity: sha512-m62ShEObQ39CfralilEQRjH6oAMtNCV1xJyEx5LpRYUVN+EviphDgUc/F3hnYbADmkiNs67Y+3ylmlG7Lnu+FA==}
    dependencies:
      es5-ext: 0.10.62
      type: 1.2.0
    dev: false

  /data-uri-to-buffer/4.0.0:
    resolution: {integrity: sha512-Vr3mLBA8qWmcuschSLAOogKgQ/Jwxulv3RNE4FXnYWRGujzrRWQI4m12fQqRkwX06C0KanhLr4hK+GydchZsaA==}
    engines: {node: '>= 12'}
    dev: false

  /debug/2.6.9:
    resolution: {integrity: sha512-bC7ElrdJaJnPbAP+1EotYvqZsb3ecl5wi6Bfi6BJTUcNowp6cvspg0jXznRTKDjm/E7AdgFBVeAPVMNcKGsHMA==}
    peerDependencies:
      supports-color: '*'
    peerDependenciesMeta:
      supports-color:
        optional: true
    dependencies:
      ms: 2.0.0
    dev: false

  /debug/4.3.4:
    resolution: {integrity: sha512-PRWFHuSU3eDtQJPvnNY7Jcket1j0t5OuOsFzPPzsekD52Zl8qUfFIPEiswXqIvHWGVHOgX+7G/vCNNhehwxfkQ==}
    engines: {node: '>=6.0'}
    peerDependencies:
      supports-color: '*'
    peerDependenciesMeta:
      supports-color:
        optional: true
    dependencies:
      ms: 2.1.2
    dev: false

  /delayed-stream/1.0.0:
    resolution: {integrity: sha512-ZySD7Nf91aLB0RxL4KGrKHBXl7Eds1DAmEdcoVawXnLD7SDhpNgtuII2aAkg7a7QS41jxPSZ17p4VdGnMHk3MQ==}
    engines: {node: '>=0.4.0'}
    dev: false

  /diff/4.0.2:
    resolution: {integrity: sha512-58lmxKSA4BNyLz+HHMUzlOEpg09FV+ev6ZMe3vJihgdxzgcwZ8VoEEPmALCZG9LmqfVoNMMKpttIYTVG6uDY7A==}
    engines: {node: '>=0.3.1'}
    dev: true

  /ed2curve/0.3.0:
    resolution: {integrity: sha512-8w2fmmq3hv9rCrcI7g9hms2pMunQr1JINfcjwR9tAyZqhtyaMN991lF/ZfHfr5tzZQ8c7y7aBgZbjfbd0fjFwQ==}
    dependencies:
      tweetnacl: 1.0.3

  /elliptic/6.5.4:
    resolution: {integrity: sha512-iLhC6ULemrljPZb+QutR5TQGB+pdW6KGD5RSegS+8sorOZT+rdQFbsQFJgvN3eRqNALqJer4oQ16YvJHlU8hzQ==}
    dependencies:
      bn.js: 4.12.0
      brorand: 1.1.0
      hash.js: 1.1.7
      hmac-drbg: 1.0.1
      inherits: 2.0.4
      minimalistic-assert: 1.0.1
      minimalistic-crypto-utils: 1.0.1
    dev: false

  /es5-ext/0.10.62:
    resolution: {integrity: sha512-BHLqn0klhEpnOKSrzn/Xsz2UIW8j+cGmo9JLzr8BiUapV8hPL9+FliFqjwr9ngW7jWdnxv6eO+/LqyhJVqgrjA==}
    engines: {node: '>=0.10'}
    requiresBuild: true
    dependencies:
      es6-iterator: 2.0.3
      es6-symbol: 3.1.3
      next-tick: 1.1.0
    dev: false

  /es6-iterator/2.0.3:
    resolution: {integrity: sha512-zw4SRzoUkd+cl+ZoE15A9o1oQd920Bb0iOJMQkQhl3jNc03YqVjAhG7scf9C5KWRU/R13Orf588uCC6525o02g==}
    dependencies:
      d: 1.0.1
      es5-ext: 0.10.62
      es6-symbol: 3.1.3
    dev: false

  /es6-symbol/3.1.3:
    resolution: {integrity: sha512-NJ6Yn3FuDinBaBRWl/q5X/s4koRHBrgKAu+yGI6JCBeiu3qrcbJhwT2GeR/EXVfylRk8dpQVJoLEFhK+Mu31NA==}
    dependencies:
      d: 1.0.1
      ext: 1.7.0
    dev: false

  /ethereum-bloom-filters/1.0.10:
    resolution: {integrity: sha512-rxJ5OFN3RwjQxDcFP2Z5+Q9ho4eIdEmSc2ht0fCu8Se9nbXjZ7/031uXoUYJ87KHCOdVeiUuwSnoS7hmYAGVHA==}
    dependencies:
      js-sha3: 0.8.0
    dev: false

  /ethereum-cryptography/0.1.3:
    resolution: {integrity: sha512-w8/4x1SGGzc+tO97TASLja6SLd3fRIK2tLVcV2Gx4IB21hE19atll5Cq9o3d0ZmAYC/8aw0ipieTSiekAea4SQ==}
    dependencies:
      '@types/pbkdf2': 3.1.0
      '@types/secp256k1': 4.0.3
      blakejs: 1.2.1
      browserify-aes: 1.2.0
      bs58check: 2.1.2
      create-hash: 1.2.0
      create-hmac: 1.1.7
      hash.js: 1.1.7
      keccak: 3.0.3
      pbkdf2: 3.1.2
      randombytes: 2.1.0
      safe-buffer: 5.2.1
      scrypt-js: 3.0.1
      secp256k1: 4.0.3
      setimmediate: 1.0.5
    dev: false

  /ethereumjs-util/7.1.5:
    resolution: {integrity: sha512-SDl5kKrQAudFBUe5OJM9Ac6WmMyYmXX/6sTmLZ3ffG2eY6ZIGBes3pEDxNN6V72WyOw4CPD5RomKdsa8DAAwLg==}
    engines: {node: '>=10.0.0'}
    dependencies:
      '@types/bn.js': 5.1.1
      bn.js: 5.2.1
      create-hash: 1.2.0
      ethereum-cryptography: 0.1.3
      rlp: 2.2.7
    dev: false

  /ethjs-unit/0.1.6:
    resolution: {integrity: sha512-/Sn9Y0oKl0uqQuvgFk/zQgR7aw1g36qX/jzSQ5lSwlO0GigPymk4eGQfeNTD03w1dPOqfz8V77Cy43jH56pagw==}
    engines: {node: '>=6.5.0', npm: '>=3'}
    dependencies:
      bn.js: 4.11.6
      number-to-bn: 1.7.0
    dev: false

  /eventemitter3/4.0.7:
    resolution: {integrity: sha512-8guHBZCwKnFhYdHr2ysuRWErTwhoN2X8XELRlrRwpmfeY2jjuUN4taQMsULKUVo1K4DvZl+0pgfyoysHxvmvEw==}
    dev: false

  /evp_bytestokey/1.0.3:
    resolution: {integrity: sha512-/f2Go4TognH/KvCISP7OUsHn85hT9nUkxxA9BEWxFn+Oj9o8ZNLm/40hdlgSLyuOimsrTKLUMEorQexp/aPQeA==}
    dependencies:
      md5.js: 1.3.5
      safe-buffer: 5.2.1
    dev: false

  /ext/1.7.0:
    resolution: {integrity: sha512-6hxeJYaL110a9b5TEJSj0gojyHQAmA2ch5Os+ySCiA1QGdS697XWY1pzsrSjqA9LDEEgdB/KypIlR59RcLuHYw==}
    dependencies:
      type: 2.7.2
    dev: false

  /fetch-blob/3.2.0:
    resolution: {integrity: sha512-7yAQpD2UMJzLi1Dqv7qFYnPbaPx7ZfFK6PiIxQ4PfkGPyNyl2Ugx+a/umUonmKqjhM4DnfbMvdX6otXq83soQQ==}
    engines: {node: ^12.20 || >= 14.13}
    dependencies:
      node-domexception: 1.0.0
      web-streams-polyfill: 3.2.1
    dev: false

  /form-data/3.0.1:
    resolution: {integrity: sha512-RHkBKtLWUVwd7SqRIvCZMEvAMoGUp0XU+seQiZejj0COz3RI3hWP4sCv3gZWWLjJTd7rGwcsF5eKZGii0r/hbg==}
    engines: {node: '>= 6'}
    dependencies:
      asynckit: 0.4.0
      combined-stream: 1.0.8
      mime-types: 2.1.35
    dev: false

  /formdata-polyfill/4.0.10:
    resolution: {integrity: sha512-buewHzMvYL29jdeQTVILecSaZKnt/RJWjoZCF5OW60Z67/GmSLBkOFM7qh1PI3zFNtJbaZL5eQu1vLfazOwj4g==}
    engines: {node: '>=12.20.0'}
    dependencies:
      fetch-blob: 3.2.0
    dev: false

  /hash-base/3.1.0:
    resolution: {integrity: sha512-1nmYp/rhMDiE7AYkDw+lLwlAzz0AntGIe51F3RfFfEqyQ3feY2eI/NcwC6umIQVOASPMsWJLJScWKSSvzL9IVA==}
    engines: {node: '>=4'}
    dependencies:
      inherits: 2.0.4
      readable-stream: 3.6.0
      safe-buffer: 5.2.1
    dev: false

  /hash.js/1.1.7:
    resolution: {integrity: sha512-taOaskGt4z4SOANNseOviYDvjEJinIkRgmp7LbKP2YTTmVxWBl87s/uzK9r+44BclBSp2X7K1hqeNfz9JbBeXA==}
    dependencies:
      inherits: 2.0.4
      minimalistic-assert: 1.0.1
    dev: false

  /hmac-drbg/1.0.1:
    resolution: {integrity: sha512-Tti3gMqLdZfhOQY1Mzf/AanLiqh1WTiJgEj26ZuYQ9fbkLomzGchCws4FyrSd4VkpBfiNhaE1On+lOz894jvXg==}
    dependencies:
      hash.js: 1.1.7
      minimalistic-assert: 1.0.1
      minimalistic-crypto-utils: 1.0.1
    dev: false

  /inherits/2.0.4:
    resolution: {integrity: sha512-k/vGaX4/Yla3WzyMCvTQOXYeIHvqOKtnqBduzTHpzpQZzAskKMhZ2K+EnBiSM9zGSoIFeMpXKxa4dYeZIQqewQ==}
    dev: false

  /is-hex-prefixed/1.0.0:
    resolution: {integrity: sha1-fY035q135dEnFIkTxXPggtd39VQ=}
    engines: {node: '>=6.5.0', npm: '>=3'}
    dev: false

  /is-typedarray/1.0.0:
    resolution: {integrity: sha512-cyA56iCMHAh5CdzjJIa4aohJyeO1YbwLi3Jc35MmRU6poroFjIGZzUzupGiRPOjgHg9TLu43xbpwXk523fMxKA==}
    dev: false

  /js-sha3/0.8.0:
    resolution: {integrity: sha512-gF1cRrHhIzNfToc802P800N8PpXS+evLLXfsVpowqmAFR9uwbi89WvXg2QspOmXL8QL86J4T1EpFu+yUkwJY3Q==}
    dev: false

  /json-stringify-safe/5.0.1:
    resolution: {integrity: sha512-ZClg6AaYvamvYEE82d3Iyd3vSSIjQ+odgjaTzRuO3s7toCdFKczob2i0zCh7JE8kWn17yvAWhUVxvqGwUalsRA==}
    dev: false

  /keccak/3.0.3:
    resolution: {integrity: sha512-JZrLIAJWuZxKbCilMpNz5Vj7Vtb4scDG3dMXLOsbzBmQGyjwE61BbW7bJkfKKCShXiQZt3T6sBgALRtmd+nZaQ==}
    engines: {node: '>=10.0.0'}
    requiresBuild: true
    dependencies:
      node-addon-api: 2.0.2
      node-gyp-build: 4.5.0
      readable-stream: 3.6.0
    dev: false

  /lodash/4.17.21:
    resolution: {integrity: sha512-v2kDEe57lecTulaDIuNTPy3Ry4gLGJ6Z1O3vE1krgXZNrsQ+LFTGHVxVjcXPs17LhbZVGedAJv8XZ1tvj5FvSg==}
    dev: false

  /make-error/1.3.6:
    resolution: {integrity: sha512-s8UhlNe7vPKomQhC1qFelMokr/Sc3AgNbso3n74mVPA5LTZwkB9NlXf4XPamLxJE8h0gh73rM94xvwRT2CVInw==}
    dev: true

  /md5.js/1.3.5:
    resolution: {integrity: sha512-xitP+WxNPcTTOgnTJcrhM0xvdPepipPSf3I8EIpGKeFLjt3PlJLIDG3u8EX53ZIubkb+5U2+3rELYpEhHhzdkg==}
    dependencies:
      hash-base: 3.1.0
      inherits: 2.0.4
      safe-buffer: 5.2.1
    dev: false

  /merkletreejs/0.3.9:
    resolution: {integrity: sha512-NjlATjJr4NEn9s8v/VEHhgwRWaE1eA/Une07d9SEqKzULJi1Wsh0Y3svwJdP2bYLMmgSBHzOrNydMWM1NN9VeQ==}
    engines: {node: '>= 7.6.0'}
    dependencies:
      bignumber.js: 9.1.1
      buffer-reverse: 1.0.1
      crypto-js: 3.3.0
      treeify: 1.1.0
      web3-utils: 1.8.1
    dev: false

  /mime-db/1.52.0:
    resolution: {integrity: sha512-sPU4uV7dYlvtWJxwwxHD0PuihVNiE7TyAbQ5SWxDCB9mUYvOgroQOwYQQOKPJ8CIbE+1ETVlOoK1UC2nU3gYvg==}
    engines: {node: '>= 0.6'}
    dev: false

  /mime-types/2.1.35:
    resolution: {integrity: sha512-ZDY+bPm5zTTF+YpCrAU9nK0UgICYPT0QtT1NZWFv4s++TNkcgVaT0g6+4R2uI4MjQjzysHB1zxuWL50hzaeXiw==}
    engines: {node: '>= 0.6'}
    dependencies:
      mime-db: 1.52.0
    dev: false

  /minimalistic-assert/1.0.1:
    resolution: {integrity: sha512-UtJcAD4yEaGtjPezWuO9wC4nwUnVH/8/Im3yEHQP4b67cXlD/Qr9hdITCU1xDbSEXg2XKNaP8jsReV7vQd00/A==}
    dev: false

  /minimalistic-crypto-utils/1.0.1:
    resolution: {integrity: sha512-JIYlbt6g8i5jKfJ3xz7rF0LXmv2TkDxBLUkiBeZ7bAx4GnnNMr8xFpGnOxn6GhTEHx3SjRrZEoU+j04prX1ktg==}
    dev: false

  /mock-socket/9.1.5:
    resolution: {integrity: sha512-3DeNIcsQixWHHKk6NdoBhWI4t1VMj5/HzfnI1rE/pLl5qKx7+gd4DNA07ehTaZ6MoUU053si6Hd+YtiM/tQZfg==}
    engines: {node: '>= 8'}
    dev: false

  /ms/2.0.0:
    resolution: {integrity: sha512-Tpp60P6IUJDTuOq/5Z8cdskzJujfwqfOTkrwIwj7IRISpnkJnT6SyJ4PCPnGMoFjC9ddhal5KVIYtAt97ix05A==}
    dev: false

  /ms/2.1.2:
    resolution: {integrity: sha512-sGkPx+VjMtmA6MX27oA4FBFELFCZZ4S4XqeGOXCv68tT+jb3vk/RyaKWP0PTKyWtmLSM0b+adUTEvbs1PEaH2w==}
    dev: false

  /next-tick/1.1.0:
    resolution: {integrity: sha512-CXdUiJembsNjuToQvxayPZF9Vqht7hewsvy2sOWafLvi2awflj9mOC6bHIg50orX8IJvWKY9wYQ/zB2kogPslQ==}
    dev: false

  /nock/13.2.9:
    resolution: {integrity: sha512-1+XfJNYF1cjGB+TKMWi29eZ0b82QOvQs2YoLNzbpWGqFMtRQHTa57osqdGj4FrFPgkO4D4AZinzUJR9VvW3QUA==}
    engines: {node: '>= 10.13'}
    dependencies:
      debug: 4.3.4
      json-stringify-safe: 5.0.1
      lodash: 4.17.21
      propagate: 2.0.1
    transitivePeerDependencies:
      - supports-color
    dev: false

  /node-addon-api/2.0.2:
    resolution: {integrity: sha512-Ntyt4AIXyaLIuMHF6IOoTakB3K+RWxwtsHNRxllEoA6vPwP9o4866g6YWDLUdnucilZhmkxiHwHr11gAENw+QA==}
    dev: false

  /node-domexception/1.0.0:
    resolution: {integrity: sha512-/jKZoMpw0F8GRwl4/eLROPA3cfcXtLApP0QzLmUT/HuPCZWyB7IY9ZrMeKw2O/nFIqPQB3PVM9aYm0F312AXDQ==}
    engines: {node: '>=10.5.0'}
    dev: false

  /node-fetch/3.3.0:
    resolution: {integrity: sha512-BKwRP/O0UvoMKp7GNdwPlObhYGB5DQqwhEDQlNKuoqwVYSxkSZCSbHjnFFmUEtwSKRPU4kNK8PbDYYitwaE3QA==}
    engines: {node: ^12.20.0 || ^14.13.1 || >=16.0.0}
    dependencies:
      data-uri-to-buffer: 4.0.0
      fetch-blob: 3.2.0
      formdata-polyfill: 4.0.10
    dev: false

  /node-gyp-build/4.5.0:
    resolution: {integrity: sha512-2iGbaQBV+ITgCz76ZEjmhUKAKVf7xfY1sRl4UiKQspfZMH2h06SyhNsnSVy50cwkFQDGLyif6m/6uFXHkOZ6rg==}
    hasBin: true
    dev: false

  /number-to-bn/1.7.0:
    resolution: {integrity: sha1-uzYjWS9+X54AMLGXe9QaDFP+HqA=}
    engines: {node: '>=6.5.0', npm: '>=3'}
    dependencies:
      bn.js: 4.11.6
      strip-hex-prefix: 1.0.0
    dev: false

  /pako/2.1.0:
    resolution: {integrity: sha512-w+eufiZ1WuJYgPXbV/PO3NCMEc3xqylkKHzp8bxp1uW4qaSNQUkwmLLEc3kKsfz8lpV1F8Ht3U1Cm+9Srog2ug==}
    dev: false

  /pbkdf2/3.1.2:
    resolution: {integrity: sha512-iuh7L6jA7JEGu2WxDwtQP1ddOpaJNC4KlDEFfdQajSGgGPNi4OyDc2R7QnbY2bR9QjBVGwgvTdNJZoE7RaxUMA==}
    engines: {node: '>=0.12'}
    dependencies:
      create-hash: 1.2.0
      create-hmac: 1.1.7
      ripemd160: 2.0.2
      safe-buffer: 5.2.1
      sha.js: 2.4.11
    dev: false

  /propagate/2.0.1:
    resolution: {integrity: sha512-vGrhOavPSTz4QVNuBNdcNXePNdNMaO1xj9yBeH1ScQPjk/rhg9sSlCXPhMkFuaNNW/syTvYqsnbIJxMBfRbbag==}
    engines: {node: '>= 8'}
    dev: false

  /randombytes/2.1.0:
    resolution: {integrity: sha512-vYl3iOX+4CKUWuxGi9Ukhie6fsqXqS9FE2Zaic4tNFD2N2QQaXOMFbuKK4QmDHC0JO6B1Zp41J0LpT0oR68amQ==}
    dependencies:
      safe-buffer: 5.2.1
    dev: false

  /readable-stream/3.6.0:
    resolution: {integrity: sha512-BViHy7LKeTz4oNnkcLJ+lVSL6vpiFeX6/d3oSH8zCW7UxP2onchk+vTGB143xuFjHS3deTgkKoXXymXqymiIdA==}
    engines: {node: '>= 6'}
    dependencies:
      inherits: 2.0.4
      string_decoder: 1.3.0
      util-deprecate: 1.0.2
    dev: false

  /regenerator-runtime/0.13.11:
    resolution: {integrity: sha512-kY1AZVr2Ra+t+piVaJ4gxaFaReZVH40AKNo7UCX6W+dEwBo/2oZJzqfuN1qLq1oL45o56cPaTXELwrTh8Fpggg==}

  /ripemd160/2.0.2:
    resolution: {integrity: sha512-ii4iagi25WusVoiC4B4lq7pbXfAp3D9v5CwfkY33vffw2+pkDjY1D8GaN7spsxvCSx8dkPqOZCEZyfxcmJG2IA==}
    dependencies:
      hash-base: 3.1.0
      inherits: 2.0.4
    dev: false

  /rlp/2.2.7:
    resolution: {integrity: sha512-d5gdPmgQ0Z+AklL2NVXr/IoSjNZFfTVvQWzL/AM2AOcSzYP2xjlb0AC8YyCLc41MSNf6P6QVtjgPdmVtzb+4lQ==}
    hasBin: true
    dependencies:
      bn.js: 5.2.1
    dev: false

  /rxjs/7.8.0:
    resolution: {integrity: sha512-F2+gxDshqmIub1KdvZkaEfGDwLNpPvk9Fs6LD/MyQxNgMds/WH9OdDDXOmxUZpME+iSK3rQCctkL0DYyytUqMg==}
    dependencies:
      tslib: 2.4.1

  /safe-buffer/5.2.1:
    resolution: {integrity: sha512-rp3So07KcdmmKbGvgaNxQSJr7bGVSVk5S9Eq1F+ppbRo70+YeaDxkw5Dd8NPN+GD6bjnYm2VuPuCXmpuYvmCXQ==}
    dev: false

  /scrypt-js/3.0.1:
    resolution: {integrity: sha512-cdwTTnqPu0Hyvf5in5asVdZocVDTNRmR7XEcJuIzMjJeSHybHl7vpB66AzwTaIg6CLSbtjcxc8fqcySfnTkccA==}
    dev: false

  /secp256k1/4.0.3:
    resolution: {integrity: sha512-NLZVf+ROMxwtEj3Xa562qgv2BK5e2WNmXPiOdVIPLgs6lyTzMvBq0aWTYMI5XCP9jZMVKOcqZLw/Wc4vDkuxhA==}
    engines: {node: '>=10.0.0'}
    requiresBuild: true
    dependencies:
      elliptic: 6.5.4
      node-addon-api: 2.0.2
      node-gyp-build: 4.5.0
    dev: false

  /setimmediate/1.0.5:
    resolution: {integrity: sha512-MATJdZp8sLqDl/68LfQmbP8zKPLQNV6BIZoIgrscFDQ+RsvK/BxeDQOgyxKKoh0y/8h3BqVFnCqQ/gd+reiIXA==}
    dev: false

  /sha.js/2.4.11:
    resolution: {integrity: sha512-QMEp5B7cftE7APOjk5Y6xgrbWu+WkLVQwk8JNjZ8nKRciZaByEW6MubieAiToS7+dwvrjGhH8jRXz3MVd0AYqQ==}
    hasBin: true
    dependencies:
      inherits: 2.0.4
      safe-buffer: 5.2.1
    dev: false

  /string_decoder/1.3.0:
    resolution: {integrity: sha512-hkRX8U1WjJFd8LsDJ2yQ/wWWxaopEsABU1XfkM8A+j0+85JAGppt16cr1Whg6KIbb4okU6Mql6BOj+uup/wKeA==}
    dependencies:
      safe-buffer: 5.2.1
    dev: false

  /strip-hex-prefix/1.0.0:
    resolution: {integrity: sha1-DF8VX+8RUTczd96du1iNoFUA428=}
    engines: {node: '>=6.5.0', npm: '>=3'}
    dependencies:
      is-hex-prefixed: 1.0.0
    dev: false

  /treeify/1.1.0:
    resolution: {integrity: sha512-1m4RA7xVAJrSGrrXGs0L3YTwyvBs2S8PbRHaLZAkFw7JR8oIFwYtysxlBZhYIa7xSyiYJKZ3iGrrk55cGA3i9A==}
    engines: {node: '>=0.6'}
    dev: false

  /ts-node/10.9.1_awa2wsr5thmg3i7jqycphctjfq:
    resolution: {integrity: sha512-NtVysVPkxxrwFGUUxGYhfux8k78pQB3JqYBXlLRZgdGUqTO5wU/UyHop5p70iEbGhB7q5KmiZiU0Y3KlJrScEw==}
    hasBin: true
    peerDependencies:
      '@swc/core': '>=1.2.50'
      '@swc/wasm': '>=1.2.50'
      '@types/node': '*'
      typescript: '>=2.7'
    peerDependenciesMeta:
      '@swc/core':
        optional: true
      '@swc/wasm':
        optional: true
    dependencies:
      '@cspotcode/source-map-support': 0.8.1
      '@tsconfig/node10': 1.0.9
      '@tsconfig/node12': 1.0.11
      '@tsconfig/node14': 1.0.3
      '@tsconfig/node16': 1.0.3
      '@types/node': 18.11.18
      acorn: 8.8.1
      acorn-walk: 8.2.0
      arg: 4.1.3
      create-require: 1.1.1
      diff: 4.0.2
      make-error: 1.3.6
      typescript: 4.9.4
      v8-compile-cache-lib: 3.0.1
      yn: 3.1.1
    dev: true

  /tslib/2.4.1:
    resolution: {integrity: sha512-tGyy4dAjRIEwI7BzsB0lynWgOpfqjUdq91XXAlIWD2OwKBH7oCl/GZG/HT4BOHrTlPMOASlMQ7veyTqpmRcrNA==}

  /tweetnacl/1.0.3:
    resolution: {integrity: sha512-6rt+RN7aOi1nGMyC4Xa5DdYiukl2UWCbcJft7YhxReBGQD7OAM8Pbxw6YMo4r2diNEA8FEmu32YOn9rhaiE5yw==}

  /type/1.2.0:
    resolution: {integrity: sha512-+5nt5AAniqsCnu2cEQQdpzCAh33kVx8n0VoFidKpB1dVVLAN/F+bgVOqOJqOnEnrhp222clB5p3vUlD+1QAnfg==}
    dev: false

  /type/2.7.2:
    resolution: {integrity: sha512-dzlvlNlt6AXU7EBSfpAscydQ7gXB+pPGsPnfJnZpiNJBDj7IaJzQlBZYGdEi4R9HmPdBv2XmWJ6YUtoTa7lmCw==}
    dev: false

  /typedarray-to-buffer/3.1.5:
    resolution: {integrity: sha512-zdu8XMNEDepKKR+XYOXAVPtWui0ly0NtohUscw+UmaHiAWT8hrV1rr//H6V+0DvJ3OQ19S979M0laLfX8rm82Q==}
    dependencies:
      is-typedarray: 1.0.0
    dev: false

  /typescript/4.9.4:
    resolution: {integrity: sha512-Uz+dTXYzxXXbsFpM86Wh3dKCxrQqUcVMxwU54orwlJjOpO3ao8L7j5lH+dWfTwgCwIuM9GQ2kvVotzYJMXTBZg==}
    engines: {node: '>=4.2.0'}
    hasBin: true
    dev: true

  /utf-8-validate/5.0.10:
    resolution: {integrity: sha512-Z6czzLq4u8fPOyx7TU6X3dvUZVvoJmxSQ+IcrlmagKhilxlhZgxPK6C5Jqbkw1IDUmFTM+cz9QDnnLTwDz/2gQ==}
    engines: {node: '>=6.14.2'}
    requiresBuild: true
    dependencies:
      node-gyp-build: 4.5.0
    dev: false

  /utf8/3.0.0:
    resolution: {integrity: sha512-E8VjFIQ/TyQgp+TZfS6l8yp/xWppSAHzidGiRrqe4bK4XP9pTRyKFgGJpO3SN7zdX4DeomTrwaseCHovfpFcqQ==}
    dev: false

  /util-deprecate/1.0.2:
    resolution: {integrity: sha512-EPD5q1uXyFxJpCrLnCc1nHnq3gOa6DZBocAIiI2TaSCA7VCJ1UJDMagCzIkXNsUYfD1daK//LTEQ8xiIbrHtcw==}
    dev: false

  /v8-compile-cache-lib/3.0.1:
    resolution: {integrity: sha512-wa7YjyUGfNZngI/vtK0UHAN+lgDCxBPCylVXGp0zu59Fz5aiGtNXaq3DhIov063MorB+VfufLh3JlF2KdTK3xg==}
    dev: true

  /web-streams-polyfill/3.2.1:
    resolution: {integrity: sha512-e0MO3wdXWKrLbL0DgGnUV7WHVuw9OUvL4hjgnPkIeEvESk74gAITi5G606JtZPp39cd8HA9VQzCIvA49LpPN5Q==}
    engines: {node: '>= 8'}
    dev: false

  /web3-utils/1.8.1:
    resolution: {integrity: sha512-LgnM9p6V7rHHUGfpMZod+NST8cRfGzJ1BTXAyNo7A9cJX9LczBfSRxJp+U/GInYe9mby40t3v22AJdlELibnsQ==}
    engines: {node: '>=8.0.0'}
    dependencies:
      bn.js: 5.2.1
      ethereum-bloom-filters: 1.0.10
      ethereumjs-util: 7.1.5
      ethjs-unit: 0.1.6
      number-to-bn: 1.7.0
      randombytes: 2.1.0
      utf8: 3.0.0
    dev: false

  /websocket/1.0.34:
    resolution: {integrity: sha512-PRDso2sGwF6kM75QykIesBijKSVceR6jL2G8NGYyq2XrItNC2P5/qL5XeR056GhA+Ly7JMFvJb9I312mJfmqnQ==}
    engines: {node: '>=4.0.0'}
    dependencies:
      bufferutil: 4.0.7
      debug: 2.6.9
      es5-ext: 0.10.62
      typedarray-to-buffer: 3.1.5
      utf-8-validate: 5.0.10
      yaeti: 0.0.6
    transitivePeerDependencies:
      - supports-color
    dev: false

  /ws/8.11.0:
    resolution: {integrity: sha512-HPG3wQd9sNQoT9xHyNCXoDUa+Xw/VevmY9FoHyQ+g+rrMn4j6FB4np7Z0OhdTgjx6MgQLK7jwSy1YecU1+4Asg==}
    engines: {node: '>=10.0.0'}
    peerDependencies:
      bufferutil: ^4.0.1
      utf-8-validate: ^5.0.2
    peerDependenciesMeta:
      bufferutil:
        optional: true
      utf-8-validate:
        optional: true
    dev: false

  /yaeti/0.0.6:
    resolution: {integrity: sha512-MvQa//+KcZCUkBTIC9blM+CU9J2GzuTytsOUwf2lidtvkx/6gnEp1QvJv34t9vdjhFmha/mUiNDbN0D0mJWdug==}
    engines: {node: '>=0.10.32'}
    dev: false

  /yn/3.1.1:
    resolution: {integrity: sha512-Ux4ygGWsu2c7isFWe8Yu1YluJmqVhxqK2cLXNQA5AcC3QfbGNpM7fu0Y8b/z16pXLnFxZYvWhd3fhBY9DLmC6Q==}
    engines: {node: '>=6'}
    dev: true
